
Microsoft Visual Studio Solution File, Format Version 12.00
# Visual Studio Version 16
VisualStudioVersion = 16.0.32901.82
MinimumVisualStudioVersion = 10.0.40219.1
Project("{FAE04EC0-301F-11D3-BF4B-00C04F79EFBC}") = "SalesWebMVC", "SalesWebMVC\SalesWebMVC.csproj", "{AB2722F0-DB7C-4B22-8426-972790A3DC0E}"
EndProject
Global
	GlobalSection(SolutionConfigurationPlatforms) = preSolution
		Debug|Any CPU = Debug|Any CPU
		Release|Any CPU = Release|Any CPU
	EndGlobalSection
	GlobalSection(ProjectConfigurationPlatforms) = postSolution
		{AB2722F0-DB7C-4B22-8426-972790A3DC0E}.Debug|Any CPU.ActiveCfg = Debug|Any CPU
		{AB2722F0-DB7C-4B22-8426-972790A3DC0E}.Debug|Any CPU.Build.0 = Debug|Any CPU
		{AB2722F0-DB7C-4B22-8426-972790A3DC0E}.Release|Any CPU.ActiveCfg = Release|Any CPU
		{AB2722F0-DB7C-4B22-8426-972790A3DC0E}.Release|Any CPU.Build.0 = Release|Any CPU
	EndGlobalSection
	GlobalSection(SolutionProperties) = preSolution
		HideSolutionNode = FALSE
	EndGlobalSection
	GlobalSection(ExtensibilityGlobals) = postSolution
		SolutionGuid = {BB45E050-724A-49A7-8587-2FA3E76FBFAF}
	EndGlobalSection
EndGlobal
